
Microsoft Visual Studio Solution File, Format Version 12.00
# Visual Studio Version 17
VisualStudioVersion = 17.4.33213.308
MinimumVisualStudioVersion = 10.0.40219.1
Project("{FAE04EC0-301F-11D3-BF4B-00C04F79EFBC}") = "Galaga", "Galaga\Galaga.csproj", "{BCA335C2-FE15-4E3D-9A58-6CC7E91E864F}"
EndProject
Global
	GlobalSection(SolutionConfigurationPlatforms) = preSolution
		Debug|Any CPU = Debug|Any CPU
		Release|Any CPU = Release|Any CPU
	EndGlobalSection
	GlobalSection(ProjectConfigurationPlatforms) = postSolution
		{BCA335C2-FE15-4E3D-9A58-6CC7E91E864F}.Debug|Any CPU.ActiveCfg = Debug|Any CPU
		{BCA335C2-FE15-4E3D-9A58-6CC7E91E864F}.Debug|Any CPU.Build.0 = Debug|Any CPU
		{BCA335C2-FE15-4E3D-9A58-6CC7E91E864F}.Release|Any CPU.ActiveCfg = Release|Any CPU
		{BCA335C2-FE15-4E3D-9A58-6CC7E91E864F}.Release|Any CPU.Build.0 = Release|Any CPU
	EndGlobalSection
	GlobalSection(SolutionProperties) = preSolution
		HideSolutionNode = FALSE
	EndGlobalSection
	GlobalSection(ExtensibilityGlobals) = postSolution
		SolutionGuid = {10535DAB-71E0-4AC8-827F-4EC6BE6D1F74}
	EndGlobalSection
EndGlobal
